
Microsoft Visual Studio Solution File, Format Version 12.00
# Visual Studio Version 16
VisualStudioVersion = 16.0.31112.23
MinimumVisualStudioVersion = 10.0.40219.1
Project("{FAE04EC0-301F-11D3-BF4B-00C04F79EFBC}") = "A C Sharp Console App", "A C Sharp Console App\A C Sharp Console App.csproj", "{3E3A8E5A-C4CF-4041-BE2D-631406F90518}"
EndProject
Global
	GlobalSection(SolutionConfigurationPlatforms) = preSolution
		Debug|Any CPU = Debug|Any CPU
		Release|Any CPU = Release|Any CPU
	EndGlobalSection
	GlobalSection(ProjectConfigurationPlatforms) = postSolution
		{3E3A8E5A-C4CF-4041-BE2D-631406F90518}.Debug|Any CPU.ActiveCfg = Debug|Any CPU
		{3E3A8E5A-C4CF-4041-BE2D-631406F90518}.Debug|Any CPU.Build.0 = Debug|Any CPU
		{3E3A8E5A-C4CF-4041-BE2D-631406F90518}.Release|Any CPU.ActiveCfg = Release|Any CPU
		{3E3A8E5A-C4CF-4041-BE2D-631406F90518}.Release|Any CPU.Build.0 = Release|Any CPU
	EndGlobalSection
	GlobalSection(SolutionProperties) = preSolution
		HideSolutionNode = FALSE
	EndGlobalSection
	GlobalSection(ExtensibilityGlobals) = postSolution
		SolutionGuid = {70218180-06E2-4DE0-A5D4-35ECCE8CAD7F}
	EndGlobalSection
EndGlobal
